
Microsoft Visual Studio Solution File, Format Version 12.00
# Visual Studio Version 17
VisualStudioVersion = 17.10.35122.118
MinimumVisualStudioVersion = 10.0.40219.1
Project("{9A19103F-16F7-4668-BE54-9A1E7A4F7556}") = "POE_of_Prog", "POE_of_Prog\POE_of_Prog.csproj", "{45F0BC15-C244-4B4C-BAFF-5DE840A2EC31}"
EndProject
Project("{FAE04EC0-301F-11D3-BF4B-00C04F79EFBC}") = "FinalProjectTest1", "FinalProjectTest1\FinalProjectTest1.csproj", "{72AC5F21-B4D7-40F2-A8DF-A02EC426BBD2}"
EndProject
Global
	GlobalSection(SolutionConfigurationPlatforms) = preSolution
		Debug|Any CPU = Debug|Any CPU
		Release|Any CPU = Release|Any CPU
	EndGlobalSection
	GlobalSection(ProjectConfigurationPlatforms) = postSolution
		{45F0BC15-C244-4B4C-BAFF-5DE840A2EC31}.Debug|Any CPU.ActiveCfg = Debug|Any CPU
		{45F0BC15-C244-4B4C-BAFF-5DE840A2EC31}.Debug|Any CPU.Build.0 = Debug|Any CPU
		{45F0BC15-C244-4B4C-BAFF-5DE840A2EC31}.Release|Any CPU.ActiveCfg = Release|Any CPU
		{45F0BC15-C244-4B4C-BAFF-5DE840A2EC31}.Release|Any CPU.Build.0 = Release|Any CPU
		{72AC5F21-B4D7-40F2-A8DF-A02EC426BBD2}.Debug|Any CPU.ActiveCfg = Debug|Any CPU
		{72AC5F21-B4D7-40F2-A8DF-A02EC426BBD2}.Debug|Any CPU.Build.0 = Debug|Any CPU
		{72AC5F21-B4D7-40F2-A8DF-A02EC426BBD2}.Release|Any CPU.ActiveCfg = Release|Any CPU
		{72AC5F21-B4D7-40F2-A8DF-A02EC426BBD2}.Release|Any CPU.Build.0 = Release|Any CPU
	EndGlobalSection
	GlobalSection(SolutionProperties) = preSolution
		HideSolutionNode = FALSE
	EndGlobalSection
	GlobalSection(ExtensibilityGlobals) = postSolution
		SolutionGuid = {7585B88F-E63C-4453-81FA-EF24C63FAB08}
	EndGlobalSection
EndGlobal
